
Microsoft Visual Studio Solution File, Format Version 12.00
# Visual Studio 15
VisualStudioVersion = 15.0.28307.645
MinimumVisualStudioVersion = 10.0.40219.1
Project("{FAE04EC0-301F-11D3-BF4B-00C04F79EFBC}") = "FunctionAppTest", "FunctionAppTest\FunctionAppTest.csproj", "{0B8DE9B0-EB41-474C-A65E-9ED616B99EAE}"
EndProject
Global
	GlobalSection(SolutionConfigurationPlatforms) = preSolution
		Debug|Any CPU = Debug|Any CPU
		Release|Any CPU = Release|Any CPU
	EndGlobalSection
	GlobalSection(ProjectConfigurationPlatforms) = postSolution
		{0B8DE9B0-EB41-474C-A65E-9ED616B99EAE}.Debug|Any CPU.ActiveCfg = Debug|Any CPU
		{0B8DE9B0-EB41-474C-A65E-9ED616B99EAE}.Debug|Any CPU.Build.0 = Debug|Any CPU
		{0B8DE9B0-EB41-474C-A65E-9ED616B99EAE}.Release|Any CPU.ActiveCfg = Release|Any CPU
		{0B8DE9B0-EB41-474C-A65E-9ED616B99EAE}.Release|Any CPU.Build.0 = Release|Any CPU
	EndGlobalSection
	GlobalSection(SolutionProperties) = preSolution
		HideSolutionNode = FALSE
	EndGlobalSection
	GlobalSection(ExtensibilityGlobals) = postSolution
		SolutionGuid = {1617BFF5-0A31-4AEF-BD7F-B6FAA1370B50}
	EndGlobalSection
EndGlobal
